// !$*UTF8*$!
{
	archiveVersion = 1;
	classes = {
	};
	objectVersion = 77;
	objects = {

/* Begin PBXBuildFile section */
		05E5D65E16CEA3DB17459CD6 /* Pods_CleanNotesTests.framework in Frameworks */ = {isa = PBXBuildFile; fileRef = 634A822E019C319B458185E9 /* Pods_CleanNotesTests.framework */; };
		280F286CB3F5057389235FD3 /* Pods_CleanNotes.framework in Frameworks */ = {isa = PBXBuildFile; fileRef = 6EBB8F0150E6567A9A6C9E55 /* Pods_CleanNotes.framework */; };
		D47F019C2D3E844700D6A0E5 /* SQLite in Frameworks */ = {isa = PBXBuildFile; productRef = D47F019B2D3E844700D6A0E5 /* SQLite */; };
/* End PBXBuildFile section */

/* Begin PBXContainerItemProxy section */
		D495D3402D38F1BA00D5B54A /* PBXContainerItemProxy */ = {
			isa = PBXContainerItemProxy;
			containerPortal = D495D3212D38F1B800D5B54A /* Project object */;
			proxyType = 1;
			remoteGlobalIDString = D495D3282D38F1B800D5B54A;
			remoteInfo = CleanNotes;
		};
/* End PBXContainerItemProxy section */

/* Begin PBXFileReference section */
		0FC844C349E296C4F57BA7BE /* Pods-CleanNotes.release.xcconfig */ = {isa = PBXFileReference; includeInIndex = 1; lastKnownFileType = text.xcconfig; name = "Pods-CleanNotes.release.xcconfig"; path = "Target Support Files/Pods-CleanNotes/Pods-CleanNotes.release.xcconfig"; sourceTree = "<group>"; };
		634A822E019C319B458185E9 /* Pods_CleanNotesTests.framework */ = {isa = PBXFileReference; explicitFileType = wrapper.framework; includeInIndex = 0; path = Pods_CleanNotesTests.framework; sourceTree = BUILT_PRODUCTS_DIR; };
		6EBB8F0150E6567A9A6C9E55 /* Pods_CleanNotes.framework */ = {isa = PBXFileReference; explicitFileType = wrapper.framework; includeInIndex = 0; path = Pods_CleanNotes.framework; sourceTree = BUILT_PRODUCTS_DIR; };
		D495D3292D38F1B800D5B54A /* CleanNotes.app */ = {isa = PBXFileReference; explicitFileType = wrapper.application; includeInIndex = 0; path = CleanNotes.app; sourceTree = BUILT_PRODUCTS_DIR; };
		D495D33F2D38F1BA00D5B54A /* CleanNotesTests.xctest */ = {isa = PBXFileReference; explicitFileType = wrapper.cfbundle; includeInIndex = 0; path = CleanNotesTests.xctest; sourceTree = BUILT_PRODUCTS_DIR; };
		D8C2A93CCDAAD691FCB3528D /* Pods-CleanNotesTests.release.xcconfig */ = {isa = PBXFileReference; includeInIndex = 1; lastKnownFileType = text.xcconfig; name = "Pods-CleanNotesTests.release.xcconfig"; path = "Target Support Files/Pods-CleanNotesTests/Pods-CleanNotesTests.release.xcconfig"; sourceTree = "<group>"; };
		E565F8E65124F99220E284A3 /* Pods-CleanNotesTests.debug.xcconfig */ = {isa = PBXFileReference; includeInIndex = 1; lastKnownFileType = text.xcconfig; name = "Pods-CleanNotesTests.debug.xcconfig"; path = "Target Support Files/Pods-CleanNotesTests/Pods-CleanNotesTests.debug.xcconfig"; sourceTree = "<group>"; };
		FD1B0EF834A3AF9DFEC5AF86 /* Pods-CleanNotes.debug.xcconfig */ = {isa = PBXFileReference; includeInIndex = 1; lastKnownFileType = text.xcconfig; name = "Pods-CleanNotes.debug.xcconfig"; path = "Target Support Files/Pods-CleanNotes/Pods-CleanNotes.debug.xcconfig"; sourceTree = "<group>"; };
/* End PBXFileReference section */

/* Begin PBXFileSystemSynchronizedBuildFileExceptionSet section */
		D47F01282D3E6A7800D6A0E5 /* Exceptions for "CleanNotes" folder in "CleanNotesTests" target */ = {
			isa = PBXFileSystemSynchronizedBuildFileExceptionSet;
			membershipExceptions = (
				"Resources/GoogleService-Info.plist",
			);
			target = D495D33E2D38F1BA00D5B54A /* CleanNotesTests */;
		};
		D495D3512D38F1BA00D5B54A /* Exceptions for "CleanNotes" folder in "CleanNotes" target */ = {
			isa = PBXFileSystemSynchronizedBuildFileExceptionSet;
			membershipExceptions = (
				Resources/Info.plist,
			);
			target = D495D3282D38F1B800D5B54A /* CleanNotes */;
		};
/* End PBXFileSystemSynchronizedBuildFileExceptionSet section */

/* Begin PBXFileSystemSynchronizedGroupBuildPhaseMembershipExceptionSet section */
		D489C10B2D70A8720031D012 /* Exceptions for "CleanNotesTests" folder in "Compile Sources" phase from "CleanNotesTests" target */ = {
			isa = PBXFileSystemSynchronizedGroupBuildPhaseMembershipExceptionSet;
			buildPhase = D495D33B2D38F1BA00D5B54A /* Sources */;
			membershipExceptions = (
				Repositories/Settings/InvalidSettings.json,
			);
		};
/* End PBXFileSystemSynchronizedGroupBuildPhaseMembershipExceptionSet section */

/* Begin PBXFileSystemSynchronizedRootGroup section */
		D495D32B2D38F1B800D5B54A /* CleanNotes */ = {
			isa = PBXFileSystemSynchronizedRootGroup;
			exceptions = (
				D495D3512D38F1BA00D5B54A /* Exceptions for "CleanNotes" folder in "CleanNotes" target */,
				D47F01282D3E6A7800D6A0E5 /* Exceptions for "CleanNotes" folder in "CleanNotesTests" target */,
			);
			path = CleanNotes;
			sourceTree = "<group>";
		};
		D495D3422D38F1BA00D5B54A /* CleanNotesTests */ = {
			isa = PBXFileSystemSynchronizedRootGroup;
			exceptions = (
				D489C10B2D70A8720031D012 /* Exceptions for "CleanNotesTests" folder in "Compile Sources" phase from "CleanNotesTests" target */,
			);
			path = CleanNotesTests;
			sourceTree = "<group>";
		};
/* End PBXFileSystemSynchronizedRootGroup section */

/* Begin PBXFrameworksBuildPhase section */
		D495D3262D38F1B800D5B54A /* Frameworks */ = {
			isa = PBXFrameworksBuildPhase;
			buildActionMask = 2147483647;
			files = (
				D47F019C2D3E844700D6A0E5 /* SQLite in Frameworks */,
				280F286CB3F5057389235FD3 /* Pods_CleanNotes.framework in Frameworks */,
			);
			runOnlyForDeploymentPostprocessing = 0;
		};
		D495D33C2D38F1BA00D5B54A /* Frameworks */ = {
			isa = PBXFrameworksBuildPhase;
			buildActionMask = 2147483647;
			files = (
				05E5D65E16CEA3DB17459CD6 /* Pods_CleanNotesTests.framework in Frameworks */,
			);
			runOnlyForDeploymentPostprocessing = 0;
		};
/* End PBXFrameworksBuildPhase section */

/* Begin PBXGroup section */
		C6EAC3A162B22C2A068CFA4C /* Pods */ = {
			isa = PBXGroup;
			children = (
				FD1B0EF834A3AF9DFEC5AF86 /* Pods-CleanNotes.debug.xcconfig */,
				0FC844C349E296C4F57BA7BE /* Pods-CleanNotes.release.xcconfig */,
				E565F8E65124F99220E284A3 /* Pods-CleanNotesTests.debug.xcconfig */,
				D8C2A93CCDAAD691FCB3528D /* Pods-CleanNotesTests.release.xcconfig */,
			);
			path = Pods;
			sourceTree = "<group>";
		};
		D495D3202D38F1B800D5B54A = {
			isa = PBXGroup;
			children = (
				D495D32B2D38F1B800D5B54A /* CleanNotes */,
				D495D3422D38F1BA00D5B54A /* CleanNotesTests */,
				D495D3B62D3A8DC300D5B54A /* Frameworks */,
				D495D32A2D38F1B800D5B54A /* Products */,
				C6EAC3A162B22C2A068CFA4C /* Pods */,
			);
			sourceTree = "<group>";
		};
		D495D32A2D38F1B800D5B54A /* Products */ = {
			isa = PBXGroup;
			children = (
				D495D3292D38F1B800D5B54A /* CleanNotes.app */,
				D495D33F2D38F1BA00D5B54A /* CleanNotesTests.xctest */,
			);
			name = Products;
			sourceTree = "<group>";
		};
		D495D3B62D3A8DC300D5B54A /* Frameworks */ = {
			isa = PBXGroup;
			children = (
				6EBB8F0150E6567A9A6C9E55 /* Pods_CleanNotes.framework */,
				634A822E019C319B458185E9 /* Pods_CleanNotesTests.framework */,
			);
			name = Frameworks;
			sourceTree = "<group>";
		};
/* End PBXGroup section */

/* Begin PBXNativeTarget section */
		D495D3282D38F1B800D5B54A /* CleanNotes */ = {
			isa = PBXNativeTarget;
			buildConfigurationList = D495D3522D38F1BA00D5B54A /* Build configuration list for PBXNativeTarget "CleanNotes" */;
			buildPhases = (
				4781EA954CA612D43567BF6A /* [CP] Check Pods Manifest.lock */,
				D495D3252D38F1B800D5B54A /* Sources */,
				D495D3262D38F1B800D5B54A /* Frameworks */,
				D495D3272D38F1B800D5B54A /* Resources */,
				C9EA850FBF5B74AF0A3280FA /* [CP] Embed Pods Frameworks */,
			);
			buildRules = (
			);
			dependencies = (
			);
			fileSystemSynchronizedGroups = (
				D495D32B2D38F1B800D5B54A /* CleanNotes */,
			);
			name = CleanNotes;
			packageProductDependencies = (
				D47F019B2D3E844700D6A0E5 /* SQLite */,
			);
			productName = CleanNotes;
			productReference = D495D3292D38F1B800D5B54A /* CleanNotes.app */;
			productType = "com.apple.product-type.application";
		};
		D495D33E2D38F1BA00D5B54A /* CleanNotesTests */ = {
			isa = PBXNativeTarget;
			buildConfigurationList = D495D3572D38F1BA00D5B54A /* Build configuration list for PBXNativeTarget "CleanNotesTests" */;
			buildPhases = (
				1FA7AFE1D72ADB7A3F5C2B12 /* [CP] Check Pods Manifest.lock */,
				D495D33B2D38F1BA00D5B54A /* Sources */,
				D495D33C2D38F1BA00D5B54A /* Frameworks */,
				D495D33D2D38F1BA00D5B54A /* Resources */,
			);
			buildRules = (
			);
			dependencies = (
				D495D3412D38F1BA00D5B54A /* PBXTargetDependency */,
			);
			fileSystemSynchronizedGroups = (
				D495D3422D38F1BA00D5B54A /* CleanNotesTests */,
			);
			name = CleanNotesTests;
			productName = CleanNotesTests;
			productReference = D495D33F2D38F1BA00D5B54A /* CleanNotesTests.xctest */;
			productType = "com.apple.product-type.bundle.unit-test";
		};
/* End PBXNativeTarget section */

/* Begin PBXProject section */
		D495D3212D38F1B800D5B54A /* Project object */ = {
			isa = PBXProject;
			attributes = {
				BuildIndependentTargetsInParallel = 1;
				LastSwiftUpdateCheck = 1620;
				LastUpgradeCheck = 1620;
				TargetAttributes = {
					D495D3282D38F1B800D5B54A = {
						CreatedOnToolsVersion = 16.2;
					};
					D495D33E2D38F1BA00D5B54A = {
						CreatedOnToolsVersion = 16.2;
						TestTargetID = D495D3282D38F1B800D5B54A;
					};
				};
			};
			buildConfigurationList = D495D3242D38F1B800D5B54A /* Build configuration list for PBXProject "CleanNotes" */;
			developmentRegion = en;
			hasScannedForEncodings = 0;
			knownRegions = (
				en,
				Base,
			);
			mainGroup = D495D3202D38F1B800D5B54A;
			minimizedProjectReferenceProxies = 1;
			packageReferences = (
				D47F019A2D3E844000D6A0E5 /* XCRemoteSwiftPackageReference "SQLite.swift" */,
			);
			preferredProjectObjectVersion = 77;
			productRefGroup = D495D32A2D38F1B800D5B54A /* Products */;
			projectDirPath = "";
			projectRoot = "";
			targets = (
				D495D3282D38F1B800D5B54A /* CleanNotes */,
				D495D33E2D38F1BA00D5B54A /* CleanNotesTests */,
			);
		};
/* End PBXProject section */

/* Begin PBXResourcesBuildPhase section */
		D495D3272D38F1B800D5B54A /* Resources */ = {
			isa = PBXResourcesBuildPhase;
			buildActionMask = 2147483647;
			files = (
			);
			runOnlyForDeploymentPostprocessing = 0;
		};
		D495D33D2D38F1BA00D5B54A /* Resources */ = {
			isa = PBXResourcesBuildPhase;
			buildActionMask = 2147483647;
			files = (
			);
			runOnlyForDeploymentPostprocessing = 0;
		};
/* End PBXResourcesBuildPhase section */

/* Begin PBXShellScriptBuildPhase section */
		1FA7AFE1D72ADB7A3F5C2B12 /* [CP] Check Pods Manifest.lock */ = {
			isa = PBXShellScriptBuildPhase;
			buildActionMask = 2147483647;
			files = (
			);
			inputFileListPaths = (
			);
			inputPaths = (
				"${PODS_PODFILE_DIR_PATH}/Podfile.lock",
				"${PODS_ROOT}/Manifest.lock",
			);
			name = "[CP] Check Pods Manifest.lock";
			outputFileListPaths = (
			);
			outputPaths = (
				"$(DERIVED_FILE_DIR)/Pods-CleanNotesTests-checkManifestLockResult.txt",
			);
			runOnlyForDeploymentPostprocessing = 0;
			shellPath = /bin/sh;
			shellScript = "diff \"${PODS_PODFILE_DIR_PATH}/Podfile.lock\" \"${PODS_ROOT}/Manifest.lock\" > /dev/null\nif [ $? != 0 ] ; then\n    # print error to STDERR\n    echo \"error: The sandbox is not in sync with the Podfile.lock. Run 'pod install' or update your CocoaPods installation.\" >&2\n    exit 1\nfi\n# This output is used by Xcode 'outputs' to avoid re-running this script phase.\necho \"SUCCESS\" > \"${SCRIPT_OUTPUT_FILE_0}\"\n";
			showEnvVarsInLog = 0;
		};
		4781EA954CA612D43567BF6A /* [CP] Check Pods Manifest.lock */ = {
			isa = PBXShellScriptBuildPhase;
			buildActionMask = 2147483647;
			files = (
			);
			inputFileListPaths = (
			);
			inputPaths = (
				"${PODS_PODFILE_DIR_PATH}/Podfile.lock",
				"${PODS_ROOT}/Manifest.lock",
			);
			name = "[CP] Check Pods Manifest.lock";
			outputFileListPaths = (
			);
			outputPaths = (
				"$(DERIVED_FILE_DIR)/Pods-CleanNotes-checkManifestLockResult.txt",
			);
			runOnlyForDeploymentPostprocessing = 0;
			shellPath = /bin/sh;
			shellScript = "diff \"${PODS_PODFILE_DIR_PATH}/Podfile.lock\" \"${PODS_ROOT}/Manifest.lock\" > /dev/null\nif [ $? != 0 ] ; then\n    # print error to STDERR\n    echo \"error: The sandbox is not in sync with the Podfile.lock. Run 'pod install' or update your CocoaPods installation.\" >&2\n    exit 1\nfi\n# This output is used by Xcode 'outputs' to avoid re-running this script phase.\necho \"SUCCESS\" > \"${SCRIPT_OUTPUT_FILE_0}\"\n";
			showEnvVarsInLog = 0;
		};
		C9EA850FBF5B74AF0A3280FA /* [CP] Embed Pods Frameworks */ = {
			isa = PBXShellScriptBuildPhase;
			buildActionMask = 2147483647;
			files = (
			);
			inputFileListPaths = (
				"${PODS_ROOT}/Target Support Files/Pods-CleanNotes/Pods-CleanNotes-frameworks-${CONFIGURATION}-input-files.xcfilelist",
			);
			name = "[CP] Embed Pods Frameworks";
			outputFileListPaths = (
				"${PODS_ROOT}/Target Support Files/Pods-CleanNotes/Pods-CleanNotes-frameworks-${CONFIGURATION}-output-files.xcfilelist",
			);
			runOnlyForDeploymentPostprocessing = 0;
			shellPath = /bin/sh;
			shellScript = "\"${PODS_ROOT}/Target Support Files/Pods-CleanNotes/Pods-CleanNotes-frameworks.sh\"\n";
			showEnvVarsInLog = 0;
		};
/* End PBXShellScriptBuildPhase section */

/* Begin PBXSourcesBuildPhase section */
		D495D3252D38F1B800D5B54A /* Sources */ = {
			isa = PBXSourcesBuildPhase;
			buildActionMask = 2147483647;
			files = (
			);
			runOnlyForDeploymentPostprocessing = 0;
		};
		D495D33B2D38F1BA00D5B54A /* Sources */ = {
			isa = PBXSourcesBuildPhase;
			buildActionMask = 2147483647;
			files = (
			);
			runOnlyForDeploymentPostprocessing = 0;
		};
/* End PBXSourcesBuildPhase section */

/* Begin PBXTargetDependency section */
		D495D3412D38F1BA00D5B54A /* PBXTargetDependency */ = {
			isa = PBXTargetDependency;
			target = D495D3282D38F1B800D5B54A /* CleanNotes */;
			targetProxy = D495D3402D38F1BA00D5B54A /* PBXContainerItemProxy */;
		};
/* End PBXTargetDependency section */

/* Begin XCBuildConfiguration section */
		D495D3532D38F1BA00D5B54A /* Debug */ = {
			isa = XCBuildConfiguration;
			baseConfigurationReference = FD1B0EF834A3AF9DFEC5AF86 /* Pods-CleanNotes.debug.xcconfig */;
			buildSettings = {
				ASSETCATALOG_COMPILER_APPICON_NAME = AppIcon;
				ASSETCATALOG_COMPILER_GLOBAL_ACCENT_COLOR_NAME = AccentColor;
				CODE_SIGN_STYLE = Automatic;
				CURRENT_PROJECT_VERSION = 1;
				DEVELOPMENT_TEAM = 42F6P42LNZ;
				ENABLE_USER_SCRIPT_SANDBOXING = NO;
				FRAMEWORK_SEARCH_PATHS = (
					"$(inherited)",
					"\"${PODS_CONFIGURATION_BUILD_DIR}/Realm\"",
					"\"${PODS_CONFIGURATION_BUILD_DIR}/RealmSwift\"",
					"\"${PODS_ROOT}/Realm/core\"",
					"$(BUILD_DIR)/Debug$(EFFECTIVE_PLATFORM_NAME)",
				);
				GENERATE_INFOPLIST_FILE = YES;
				INFOPLIST_FILE = CleanNotes/Resources/Info.plist;
				INFOPLIST_KEY_CFBundleDisplayName = "Clean Notes";
				INFOPLIST_KEY_UIApplicationSupportsIndirectInputEvents = YES;
				INFOPLIST_KEY_UILaunchStoryboardName = "";
				INFOPLIST_KEY_UIMainStoryboardFile = "";
				INFOPLIST_KEY_UISupportedInterfaceOrientations = UIInterfaceOrientationPortrait;
				INFOPLIST_KEY_UISupportedInterfaceOrientations_iPad = "UIInterfaceOrientationLandscapeLeft UIInterfaceOrientationLandscapeRight UIInterfaceOrientationPortrait UIInterfaceOrientationPortraitUpsideDown";
				IPHONEOS_DEPLOYMENT_TARGET = 16.6;
				LD_RUNPATH_SEARCH_PATHS = (
					"$(inherited)",
					"@executable_path/Frameworks",
				);
				MARKETING_VERSION = 1.0;
				PRODUCT_BUNDLE_IDENTIFIER = com.rizo.CleanNotes;
				PRODUCT_NAME = "$(TARGET_NAME)";
				SUPPORTED_PLATFORMS = "iphoneos iphonesimulator";
				SUPPORTS_MACCATALYST = NO;
				SUPPORTS_MAC_DESIGNED_FOR_IPHONE_IPAD = NO;
				SUPPORTS_XR_DESIGNED_FOR_IPHONE_IPAD = NO;
				SWIFT_EMIT_LOC_STRINGS = YES;
				SWIFT_VERSION = 5.0;
				TARGETED_DEVICE_FAMILY = 1;
			};
			name = Debug;
		};
		D495D3542D38F1BA00D5B54A /* Release */ = {
			isa = XCBuildConfiguration;
			baseConfigurationReference = 0FC844C349E296C4F57BA7BE /* Pods-CleanNotes.release.xcconfig */;
			buildSettings = {
				ASSETCATALOG_COMPILER_APPICON_NAME = AppIcon;
				ASSETCATALOG_COMPILER_GLOBAL_ACCENT_COLOR_NAME = AccentColor;
				CODE_SIGN_STYLE = Automatic;
				CURRENT_PROJECT_VERSION = 1;
				DEVELOPMENT_TEAM = 42F6P42LNZ;
				ENABLE_USER_SCRIPT_SANDBOXING = NO;
				FRAMEWORK_SEARCH_PATHS = (
					"$(inherited)",
					"\"${PODS_CONFIGURATION_BUILD_DIR}/Realm\"",
					"\"${PODS_CONFIGURATION_BUILD_DIR}/RealmSwift\"",
					"\"${PODS_ROOT}/Realm/core\"",
					"$(BUILD_DIR)/Release$(EFFECTIVE_PLATFORM_NAME)",
				);
				GENERATE_INFOPLIST_FILE = YES;
				INFOPLIST_FILE = CleanNotes/Resources/Info.plist;
				INFOPLIST_KEY_CFBundleDisplayName = "Clean Notes";
				INFOPLIST_KEY_UIApplicationSupportsIndirectInputEvents = YES;
				INFOPLIST_KEY_UILaunchStoryboardName = "";
				INFOPLIST_KEY_UIMainStoryboardFile = "";
				INFOPLIST_KEY_UISupportedInterfaceOrientations = UIInterfaceOrientationPortrait;
				INFOPLIST_KEY_UISupportedInterfaceOrientations_iPad = "UIInterfaceOrientationLandscapeLeft UIInterfaceOrientationLandscapeRight UIInterfaceOrientationPortrait UIInterfaceOrientationPortraitUpsideDown";
				IPHONEOS_DEPLOYMENT_TARGET = 16.6;
				LD_RUNPATH_SEARCH_PATHS = (
					"$(inherited)",
					"@executable_path/Frameworks",
				);
				MARKETING_VERSION = 1.0;
				PRODUCT_BUNDLE_IDENTIFIER = com.rizo.CleanNotes;
				PRODUCT_NAME = "$(TARGET_NAME)";
				SUPPORTED_PLATFORMS = "iphoneos iphonesimulator";
				SUPPORTS_MACCATALYST = NO;
				SUPPORTS_MAC_DESIGNED_FOR_IPHONE_IPAD = NO;
				SUPPORTS_XR_DESIGNED_FOR_IPHONE_IPAD = NO;
				SWIFT_EMIT_LOC_STRINGS = YES;
				SWIFT_VERSION = 5.0;
				TARGETED_DEVICE_FAMILY = 1;
			};
			name = Release;
		};
		D495D3552D38F1BA00D5B54A /* Debug */ = {
			isa = XCBuildConfiguration;
			buildSettings = {
				ALWAYS_SEARCH_USER_PATHS = NO;
				ASSETCATALOG_COMPILER_GENERATE_SWIFT_ASSET_SYMBOL_EXTENSIONS = YES;
				CLANG_ANALYZER_NONNULL = YES;
				CLANG_ANALYZER_NUMBER_OBJECT_CONVERSION = YES_AGGRESSIVE;
				CLANG_CXX_LANGUAGE_STANDARD = "gnu++20";
				CLANG_ENABLE_MODULES = YES;
				CLANG_ENABLE_OBJC_ARC = YES;
				CLANG_ENABLE_OBJC_WEAK = YES;
				CLANG_WARN_BLOCK_CAPTURE_AUTORELEASING = YES;
				CLANG_WARN_BOOL_CONVERSION = YES;
				CLANG_WARN_COMMA = YES;
				CLANG_WARN_CONSTANT_CONVERSION = YES;
				CLANG_WARN_DEPRECATED_OBJC_IMPLEMENTATIONS = YES;
				CLANG_WARN_DIRECT_OBJC_ISA_USAGE = YES_ERROR;
				CLANG_WARN_DOCUMENTATION_COMMENTS = YES;
				CLANG_WARN_EMPTY_BODY = YES;
				CLANG_WARN_ENUM_CONVERSION = YES;
				CLANG_WARN_INFINITE_RECURSION = YES;
				CLANG_WARN_INT_CONVERSION = YES;
				CLANG_WARN_NON_LITERAL_NULL_CONVERSION = YES;
				CLANG_WARN_OBJC_IMPLICIT_RETAIN_SELF = YES;
				CLANG_WARN_OBJC_LITERAL_CONVERSION = YES;
				CLANG_WARN_OBJC_ROOT_CLASS = YES_ERROR;
				CLANG_WARN_QUOTED_INCLUDE_IN_FRAMEWORK_HEADER = YES;
				CLANG_WARN_RANGE_LOOP_ANALYSIS = YES;
				CLANG_WARN_STRICT_PROTOTYPES = YES;
				CLANG_WARN_SUSPICIOUS_MOVE = YES;
				CLANG_WARN_UNGUARDED_AVAILABILITY = YES_AGGRESSIVE;
				CLANG_WARN_UNREACHABLE_CODE = YES;
				CLANG_WARN__DUPLICATE_METHOD_MATCH = YES;
				COPY_PHASE_STRIP = NO;
				DEBUG_INFORMATION_FORMAT = dwarf;
				ENABLE_STRICT_OBJC_MSGSEND = YES;
				ENABLE_TESTABILITY = YES;
				ENABLE_USER_SCRIPT_SANDBOXING = YES;
				GCC_C_LANGUAGE_STANDARD = gnu17;
				GCC_DYNAMIC_NO_PIC = NO;
				GCC_NO_COMMON_BLOCKS = YES;
				GCC_OPTIMIZATION_LEVEL = 0;
				GCC_PREPROCESSOR_DEFINITIONS = (
					"DEBUG=1",
					"$(inherited)",
				);
				GCC_WARN_64_TO_32_BIT_CONVERSION = YES;
				GCC_WARN_ABOUT_RETURN_TYPE = YES_ERROR;
				GCC_WARN_UNDECLARED_SELECTOR = YES;
				GCC_WARN_UNINITIALIZED_AUTOS = YES_AGGRESSIVE;
				GCC_WARN_UNUSED_FUNCTION = YES;
				GCC_WARN_UNUSED_VARIABLE = YES;
				IPHONEOS_DEPLOYMENT_TARGET = 18.2;
				LOCALIZATION_PREFERS_STRING_CATALOGS = YES;
				MTL_ENABLE_DEBUG_INFO = INCLUDE_SOURCE;
				MTL_FAST_MATH = YES;
				ONLY_ACTIVE_ARCH = YES;
				SDKROOT = iphoneos;
				SWIFT_ACTIVE_COMPILATION_CONDITIONS = "DEBUG $(inherited)";
				SWIFT_OPTIMIZATION_LEVEL = "-Onone";
			};
			name = Debug;
		};
		D495D3562D38F1BA00D5B54A /* Release */ = {
			isa = XCBuildConfiguration;
			buildSettings = {
				ALWAYS_SEARCH_USER_PATHS = NO;
				ASSETCATALOG_COMPILER_GENERATE_SWIFT_ASSET_SYMBOL_EXTENSIONS = YES;
				CLANG_ANALYZER_NONNULL = YES;
				CLANG_ANALYZER_NUMBER_OBJECT_CONVERSION = YES_AGGRESSIVE;
				CLANG_CXX_LANGUAGE_STANDARD = "gnu++20";
				CLANG_ENABLE_MODULES = YES;
				CLANG_ENABLE_OBJC_ARC = YES;
				CLANG_ENABLE_OBJC_WEAK = YES;
				CLANG_WARN_BLOCK_CAPTURE_AUTORELEASING = YES;
				CLANG_WARN_BOOL_CONVERSION = YES;
				CLANG_WARN_COMMA = YES;
				CLANG_WARN_CONSTANT_CONVERSION = YES;
				CLANG_WARN_DEPRECATED_OBJC_IMPLEMENTATIONS = YES;
				CLANG_WARN_DIRECT_OBJC_ISA_USAGE = YES_ERROR;
				CLANG_WARN_DOCUMENTATION_COMMENTS = YES;
				CLANG_WARN_EMPTY_BODY = YES;
				CLANG_WARN_ENUM_CONVERSION = YES;
				CLANG_WARN_INFINITE_RECURSION = YES;
				CLANG_WARN_INT_CONVERSION = YES;
				CLANG_WARN_NON_LITERAL_NULL_CONVERSION = YES;
				CLANG_WARN_OBJC_IMPLICIT_RETAIN_SELF = YES;
				CLANG_WARN_OBJC_LITERAL_CONVERSION = YES;
				CLANG_WARN_OBJC_ROOT_CLASS = YES_ERROR;
				CLANG_WARN_QUOTED_INCLUDE_IN_FRAMEWORK_HEADER = YES;
				CLANG_WARN_RANGE_LOOP_ANALYSIS = YES;
				CLANG_WARN_STRICT_PROTOTYPES = YES;
				CLANG_WARN_SUSPICIOUS_MOVE = YES;
				CLANG_WARN_UNGUARDED_AVAILABILITY = YES_AGGRESSIVE;
				CLANG_WARN_UNREACHABLE_CODE = YES;
				CLANG_WARN__DUPLICATE_METHOD_MATCH = YES;
				COPY_PHASE_STRIP = NO;
				DEBUG_INFORMATION_FORMAT = "dwarf-with-dsym";
				ENABLE_NS_ASSERTIONS = NO;
				ENABLE_STRICT_OBJC_MSGSEND = YES;
				ENABLE_USER_SCRIPT_SANDBOXING = YES;
				GCC_C_LANGUAGE_STANDARD = gnu17;
				GCC_NO_COMMON_BLOCKS = YES;
				GCC_WARN_64_TO_32_BIT_CONVERSION = YES;
				GCC_WARN_ABOUT_RETURN_TYPE = YES_ERROR;
				GCC_WARN_UNDECLARED_SELECTOR = YES;
				GCC_WARN_UNINITIALIZED_AUTOS = YES_AGGRESSIVE;
				GCC_WARN_UNUSED_FUNCTION = YES;
				GCC_WARN_UNUSED_VARIABLE = YES;
				IPHONEOS_DEPLOYMENT_TARGET = 18.2;
				LOCALIZATION_PREFERS_STRING_CATALOGS = YES;
				MTL_ENABLE_DEBUG_INFO = NO;
				MTL_FAST_MATH = YES;
				SDKROOT = iphoneos;
				SWIFT_COMPILATION_MODE = wholemodule;
				VALIDATE_PRODUCT = YES;
			};
			name = Release;
		};
		D495D3582D38F1BA00D5B54A /* Debug */ = {
			isa = XCBuildConfiguration;
			baseConfigurationReference = E565F8E65124F99220E284A3 /* Pods-CleanNotesTests.debug.xcconfig */;
			buildSettings = {
				BUNDLE_LOADER = "$(TEST_HOST)";
				CODE_SIGN_STYLE = Automatic;
				CURRENT_PROJECT_VERSION = 1;
				DEVELOPMENT_TEAM = 42F6P42LNZ;
				GENERATE_INFOPLIST_FILE = YES;
				IPHONEOS_DEPLOYMENT_TARGET = 16.6;
				MARKETING_VERSION = 1.0;
				PRODUCT_BUNDLE_IDENTIFIER = com.rizo.CleanNotesTests;
				PRODUCT_NAME = "$(TARGET_NAME)";
				SWIFT_EMIT_LOC_STRINGS = NO;
				SWIFT_VERSION = 5.0;
				TARGETED_DEVICE_FAMILY = "1,2";
				TEST_HOST = "$(BUILT_PRODUCTS_DIR)/CleanNotes.app/$(BUNDLE_EXECUTABLE_FOLDER_PATH)/CleanNotes";
			};
			name = Debug;
		};
		D495D3592D38F1BA00D5B54A /* Release */ = {
			isa = XCBuildConfiguration;
			baseConfigurationReference = D8C2A93CCDAAD691FCB3528D /* Pods-CleanNotesTests.release.xcconfig */;
			buildSettings = {
				BUNDLE_LOADER = "$(TEST_HOST)";
				CODE_SIGN_STYLE = Automatic;
				CURRENT_PROJECT_VERSION = 1;
				DEVELOPMENT_TEAM = 42F6P42LNZ;
				GENERATE_INFOPLIST_FILE = YES;
				IPHONEOS_DEPLOYMENT_TARGET = 16.6;
				MARKETING_VERSION = 1.0;
				PRODUCT_BUNDLE_IDENTIFIER = com.rizo.CleanNotesTests;
				PRODUCT_NAME = "$(TARGET_NAME)";
				SWIFT_EMIT_LOC_STRINGS = NO;
				SWIFT_VERSION = 5.0;
				TARGETED_DEVICE_FAMILY = "1,2";
				TEST_HOST = "$(BUILT_PRODUCTS_DIR)/CleanNotes.app/$(BUNDLE_EXECUTABLE_FOLDER_PATH)/CleanNotes";
			};
			name = Release;
		};
/* End XCBuildConfiguration section */

/* Begin XCConfigurationList section */
		D495D3242D38F1B800D5B54A /* Build configuration list for PBXProject "CleanNotes" */ = {
			isa = XCConfigurationList;
			buildConfigurations = (
				D495D3552D38F1BA00D5B54A /* Debug */,
				D495D3562D38F1BA00D5B54A /* Release */,
			);
			defaultConfigurationIsVisible = 0;
			defaultConfigurationName = Release;
		};
		D495D3522D38F1BA00D5B54A /* Build configuration list for PBXNativeTarget "CleanNotes" */ = {
			isa = XCConfigurationList;
			buildConfigurations = (
				D495D3532D38F1BA00D5B54A /* Debug */,
				D495D3542D38F1BA00D5B54A /* Release */,
			);
			defaultConfigurationIsVisible = 0;
			defaultConfigurationName = Release;
		};
		D495D3572D38F1BA00D5B54A /* Build configuration list for PBXNativeTarget "CleanNotesTests" */ = {
			isa = XCConfigurationList;
			buildConfigurations = (
				D495D3582D38F1BA00D5B54A /* Debug */,
				D495D3592D38F1BA00D5B54A /* Release */,
			);
			defaultConfigurationIsVisible = 0;
			defaultConfigurationName = Release;
		};
/* End XCConfigurationList section */

/* Begin XCRemoteSwiftPackageReference section */
		D47F019A2D3E844000D6A0E5 /* XCRemoteSwiftPackageReference "SQLite.swift" */ = {
			isa = XCRemoteSwiftPackageReference;
			repositoryURL = "https://github.com/stephencelis/SQLite.swift.git";
			requirement = {
				kind = upToNextMajorVersion;
				minimumVersion = 0.15.3;
			};
		};
/* End XCRemoteSwiftPackageReference section */

/* Begin XCSwiftPackageProductDependency section */
		D47F019B2D3E844700D6A0E5 /* SQLite */ = {
			isa = XCSwiftPackageProductDependency;
			package = D47F019A2D3E844000D6A0E5 /* XCRemoteSwiftPackageReference "SQLite.swift" */;
			productName = SQLite;
		};
/* End XCSwiftPackageProductDependency section */
	};
	rootObject = D495D3212D38F1B800D5B54A /* Project object */;
}
